
Microsoft Visual Studio Solution File, Format Version 12.00
# Visual Studio Version 16
VisualStudioVersion = 16.0.808.0
MinimumVisualStudioVersion = 10.0.40219.1
Project("{FAE04EC0-301F-11D3-BF4B-00C04F79EFBC}") = "CSharpMerger", "CSharpMerger.csproj", "{982B1123-3430-4672-870A-2486ECBAF8E5}"
EndProject
Global
	GlobalSection(SolutionConfigurationPlatforms) = preSolution
		Debug|Any CPU = Debug|Any CPU
		Release|Any CPU = Release|Any CPU
	EndGlobalSection
	GlobalSection(ProjectConfigurationPlatforms) = postSolution
		{982B1123-3430-4672-870A-2486ECBAF8E5}.Debug|Any CPU.ActiveCfg = Debug|Any CPU
		{982B1123-3430-4672-870A-2486ECBAF8E5}.Debug|Any CPU.Build.0 = Debug|Any CPU
		{982B1123-3430-4672-870A-2486ECBAF8E5}.Release|Any CPU.ActiveCfg = Release|Any CPU
		{982B1123-3430-4672-870A-2486ECBAF8E5}.Release|Any CPU.Build.0 = Release|Any CPU
	EndGlobalSection
	GlobalSection(SolutionProperties) = preSolution
		HideSolutionNode = FALSE
	EndGlobalSection
	GlobalSection(ExtensibilityGlobals) = postSolution
		SolutionGuid = {8FBAC478-83BA-4A21-BA68-C5598C0605C8}
	EndGlobalSection
EndGlobal
